
Microsoft Visual Studio Solution File, Format Version 12.00
# Visual Studio Version 17
VisualStudioVersion = 17.0.32112.339
MinimumVisualStudioVersion = 10.0.40219.1
Project("{9A19103F-16F7-4668-BE54-9A1E7A4F7556}") = "EScooter.ManageDigitalTwins", "EScooter.ManageDigitalTwins\EScooter.ManageDigitalTwins.csproj", "{382C5893-56C7-4968-A380-D1AF90AB5661}"
EndProject
Project("{2150E333-8FDC-42A3-9474-1A3956D46DE8}") = "SolutionItems", "SolutionItems", "{E6712B13-2D7B-4869-A206-172C8FAD16BD}"
	ProjectSection(SolutionItems) = preProject
		.editorconfig = .editorconfig
		.github\workflows\ci.yml = .github\workflows\ci.yml
		Directory.Build.props = Directory.Build.props
	EndProjectSection
EndProject
Global
	GlobalSection(SolutionConfigurationPlatforms) = preSolution
		Debug|Any CPU = Debug|Any CPU
		Release|Any CPU = Release|Any CPU
	EndGlobalSection
	GlobalSection(ProjectConfigurationPlatforms) = postSolution
		{382C5893-56C7-4968-A380-D1AF90AB5661}.Debug|Any CPU.ActiveCfg = Debug|Any CPU
		{382C5893-56C7-4968-A380-D1AF90AB5661}.Debug|Any CPU.Build.0 = Debug|Any CPU
		{382C5893-56C7-4968-A380-D1AF90AB5661}.Release|Any CPU.ActiveCfg = Release|Any CPU
		{382C5893-56C7-4968-A380-D1AF90AB5661}.Release|Any CPU.Build.0 = Release|Any CPU
	EndGlobalSection
	GlobalSection(SolutionProperties) = preSolution
		HideSolutionNode = FALSE
	EndGlobalSection
	GlobalSection(ExtensibilityGlobals) = postSolution
		SolutionGuid = {73289D88-80A7-4795-86A5-DD1348F4C748}
	EndGlobalSection
EndGlobal
